{
  "lockfileVersion": 1,
  "configVersion": 1,
  "workspaces": {
    "": {
      "dependencies": {
        "@types/big.js": "6.2.2",
        "posthog-js": "1.72.1",
      },
      "devDependencies": {
        "@commitlint/cli": "19.6.1",
        "@commitlint/config-conventional": "19.6.0",
        "husky": "8.0.3",
        "oxfmt": "0.60.0",
        "oxlint": "1.75.0",
        "typescript": "7.0.2",
      },
    },
  },
  "packages": {
    "@babel/code-frame": ["@babel/code-frame@7.29.0", "", { "dependencies": { "@babel/helper-validator-identifier": "^7.28.5", "js-tokens": "^4.0.0", "picocolors": "^1.1.1" } }, "sha512-9NhCeYjq9+3uxgdtp20LSiJXJvN0FeCtNGpJxuMFZ1Kv3cWUNb6DOhJwUvcVCzKGR66cw4njwM6hrJLqgOwbcw=="],

    "@babel/helper-validator-identifier": ["@babel/helper-validator-identifier@7.28.5", "", {}, "sha512-qSs4ifwzKJSV39ucNjsvc6WVHs6b7S03sOh2OcHF9UHfVPqWWALUsNUVzhSBiItjRZoLHx7nIarVjqKVusUZ1Q=="],

    "@commitlint/cli": ["@commitlint/cli@19.6.1", "", { "dependencies": { "@commitlint/format": "^19.5.0", "@commitlint/lint": "^19.6.0", "@commitlint/load": "^19.6.1", "@commitlint/read": "^19.5.0", "@commitlint/types": "^19.5.0", "tinyexec": "^0.3.0", "yargs": "^17.0.0" }, "bin": { "commitlint": "cli.js" } }, "sha512-8hcyA6ZoHwWXC76BoC8qVOSr8xHy00LZhZpauiD0iO0VYbVhMnED0da85lTfIULxl7Lj4c6vZgF0Wu/ed1+jlQ=="],

    "@commitlint/config-conventional": ["@commitlint/config-conventional@19.6.0", "", { "dependencies": { "@commitlint/types": "^19.5.0", "conventional-changelog-conventionalcommits": "^7.0.2" } }, "sha512-DJT40iMnTYtBtUfw9ApbsLZFke1zKh6llITVJ+x9mtpHD08gsNXaIRqHTmwTZL3dNX5+WoyK7pCN/5zswvkBCQ=="],

    "@commitlint/config-validator": ["@commitlint/config-validator@19.8.1", "", { "dependencies": { "@commitlint/types": "^19.8.1", "ajv": "^8.11.0" } }, "sha512-0jvJ4u+eqGPBIzzSdqKNX1rvdbSU1lPNYlfQQRIFnBgLy26BtC0cFnr7c/AyuzExMxWsMOte6MkTi9I3SQ3iGQ=="],

    "@commitlint/ensure": ["@commitlint/ensure@19.8.1", "", { "dependencies": { "@commitlint/types": "^19.8.1", "lodash.camelcase": "^4.3.0", "lodash.kebabcase": "^4.1.1", "lodash.snakecase": "^4.1.1", "lodash.startcase": "^4.4.0", "lodash.upperfirst": "^4.3.1" } }, "sha512-mXDnlJdvDzSObafjYrOSvZBwkD01cqB4gbnnFuVyNpGUM5ijwU/r/6uqUmBXAAOKRfyEjpkGVZxaDsCVnHAgyw=="],

    "@commitlint/execute-rule": ["@commitlint/execute-rule@19.8.1", "", {}, "sha512-YfJyIqIKWI64Mgvn/sE7FXvVMQER/Cd+s3hZke6cI1xgNT/f6ZAz5heND0QtffH+KbcqAwXDEE1/5niYayYaQA=="],

    "@commitlint/format": ["@commitlint/format@19.8.1", "", { "dependencies": { "@commitlint/types": "^19.8.1", "chalk": "^5.3.0" } }, "sha512-kSJj34Rp10ItP+Eh9oCItiuN/HwGQMXBnIRk69jdOwEW9llW9FlyqcWYbHPSGofmjsqeoxa38UaEA5tsbm2JWw=="],

    "@commitlint/is-ignored": ["@commitlint/is-ignored@19.8.1", "", { "dependencies": { "@commitlint/types": "^19.8.1", "semver": "^7.6.0" } }, "sha512-AceOhEhekBUQ5dzrVhDDsbMaY5LqtN8s1mqSnT2Kz1ERvVZkNihrs3Sfk1Je/rxRNbXYFzKZSHaPsEJJDJV8dg=="],

    "@commitlint/lint": ["@commitlint/lint@19.8.1", "", { "dependencies": { "@commitlint/is-ignored": "^19.8.1", "@commitlint/parse": "^19.8.1", "@commitlint/rules": "^19.8.1", "@commitlint/types": "^19.8.1" } }, "sha512-52PFbsl+1EvMuokZXLRlOsdcLHf10isTPlWwoY1FQIidTsTvjKXVXYb7AvtpWkDzRO2ZsqIgPK7bI98x8LRUEw=="],

    "@commitlint/load": ["@commitlint/load@19.8.1", "", { "dependencies": { "@commitlint/config-validator": "^19.8.1", "@commitlint/execute-rule": "^19.8.1", "@commitlint/resolve-extends": "^19.8.1", "@commitlint/types": "^19.8.1", "chalk": "^5.3.0", "cosmiconfig": "^9.0.0", "cosmiconfig-typescript-loader": "^6.1.0", "lodash.isplainobject": "^4.0.6", "lodash.merge": "^4.6.2", "lodash.uniq": "^4.5.0" } }, "sha512-9V99EKG3u7z+FEoe4ikgq7YGRCSukAcvmKQuTtUyiYPnOd9a2/H9Ak1J9nJA1HChRQp9OA/sIKPugGS+FK/k1A=="],

    "@commitlint/message": ["@commitlint/message@19.8.1", "", {}, "sha512-+PMLQvjRXiU+Ae0Wc+p99EoGEutzSXFVwQfa3jRNUZLNW5odZAyseb92OSBTKCu+9gGZiJASt76Cj3dLTtcTdg=="],

    "@commitlint/parse": ["@commitlint/parse@19.8.1", "", { "dependencies": { "@commitlint/types": "^19.8.1", "conventional-changelog-angular": "^7.0.0", "conventional-commits-parser": "^5.0.0" } }, "sha512-mmAHYcMBmAgJDKWdkjIGq50X4yB0pSGpxyOODwYmoexxxiUCy5JJT99t1+PEMK7KtsCtzuWYIAXYAiKR+k+/Jw=="],

    "@commitlint/read": ["@commitlint/read@19.8.1", "", { "dependencies": { "@commitlint/top-level": "^19.8.1", "@commitlint/types": "^19.8.1", "git-raw-commits": "^4.0.0", "minimist": "^1.2.8", "tinyexec": "^1.0.0" } }, "sha512-03Jbjb1MqluaVXKHKRuGhcKWtSgh3Jizqy2lJCRbRrnWpcM06MYm8th59Xcns8EqBYvo0Xqb+2DoZFlga97uXQ=="],

    "@commitlint/resolve-extends": ["@commitlint/resolve-extends@19.8.1", "", { "dependencies": { "@commitlint/config-validator": "^19.8.1", "@commitlint/types": "^19.8.1", "global-directory": "^4.0.1", "import-meta-resolve": "^4.0.0", "lodash.mergewith": "^4.6.2", "resolve-from": "^5.0.0" } }, "sha512-GM0mAhFk49I+T/5UCYns5ayGStkTt4XFFrjjf0L4S26xoMTSkdCf9ZRO8en1kuopC4isDFuEm7ZOm/WRVeElVg=="],

    "@commitlint/rules": ["@commitlint/rules@19.8.1", "", { "dependencies": { "@commitlint/ensure": "^19.8.1", "@commitlint/message": "^19.8.1", "@commitlint/to-lines": "^19.8.1", "@commitlint/types": "^19.8.1" } }, "sha512-Hnlhd9DyvGiGwjfjfToMi1dsnw1EXKGJNLTcsuGORHz6SS9swRgkBsou33MQ2n51/boIDrbsg4tIBbRpEWK2kw=="],

    "@commitlint/to-lines": ["@commitlint/to-lines@19.8.1", "", {}, "sha512-98Mm5inzbWTKuZQr2aW4SReY6WUukdWXuZhrqf1QdKPZBCCsXuG87c+iP0bwtD6DBnmVVQjgp4whoHRVixyPBg=="],

    "@commitlint/top-level": ["@commitlint/top-level@19.8.1", "", { "dependencies": { "find-up": "^7.0.0" } }, "sha512-Ph8IN1IOHPSDhURCSXBz44+CIu+60duFwRsg6HqaISFHQHbmBtxVw4ZrFNIYUzEP7WwrNPxa2/5qJ//NK1FGcw=="],

    "@commitlint/types": ["@commitlint/types@19.8.1", "", { "dependencies": { "@types/conventional-commits-parser": "^5.0.0", "chalk": "^5.3.0" } }, "sha512-/yCrWGCoA1SVKOks25EGadP9Pnj0oAIHGpl2wH2M2Y46dPM2ueb8wyCVOD7O3WCTkaJ0IkKvzhl1JY7+uCT2Dw=="],

    "@oxfmt/binding-android-arm-eabi": ["@oxfmt/binding-android-arm-eabi@0.60.0", "", { "os": "android", "cpu": "arm" }, "sha512-1q4q4Jc8FlOMVojEisyFAVyl8h1yawNv6phjgmhGVEDeyeOdsSnSr9x0+D4mOnEKvpO5L4mxKZ/DP9X6U3A/Mw=="],

    "@oxfmt/binding-android-arm64": ["@oxfmt/binding-android-arm64@0.60.0", "", { "os": "android", "cpu": "arm64" }, "sha512-tD41I6nCt9k8SQXft0CSjjU9jg6SwG7uMu7PxodSEHXl+GDW0868oy6tTtoJkyUze8YKFgTpz/k5LuPUnFiGLw=="],

    "@oxfmt/binding-darwin-arm64": ["@oxfmt/binding-darwin-arm64@0.60.0", "", { "os": "darwin", "cpu": "arm64" }, "sha512-TTpzPug96Zxdyb46KvTyIUQDdsqbumXh2TKG9C23PCT0kF7JkW56Z/quPuG9rqOFKQIi1gpRNZ7DX18LwxXPnw=="],

    "@oxfmt/binding-darwin-x64": ["@oxfmt/binding-darwin-x64@0.60.0", "", { "os": "darwin", "cpu": "x64" }, "sha512-CnOoWgQ7L+JL/YQaRJ+NyATciSfcftncm7y3kqyte1cGtFEGnStaCd1TAyrinkfQ7nRBfHrTs1/vTwUJr3WF2Q=="],

    "@oxfmt/binding-freebsd-x64": ["@oxfmt/binding-freebsd-x64@0.60.0", "", { "os": "freebsd", "cpu": "x64" }, "sha512-ychJo7S3hZxdO6eDZ9zM6F2lM9fpJS3EKS5CAUSWyprdLYxTu4gbaUKV/VBPTcMJwQa2Bpo+643y3OJ537pihA=="],

    "@oxfmt/binding-linux-arm-gnueabihf": ["@oxfmt/binding-linux-arm-gnueabihf@0.60.0", "", { "os": "linux", "cpu": "arm" }, "sha512-36IH5o55T2Fx7E0feDttt+mifxN6yk9pWv4KfhAIsP0dFnUq27331OwbpOsZdoXF9soOLWm7mQUz5+UUmyec4g=="],

    "@oxfmt/binding-linux-arm-musleabihf": ["@oxfmt/binding-linux-arm-musleabihf@0.60.0", "", { "os": "linux", "cpu": "arm" }, "sha512-G1Ve7lAa6sFBolVI2LWHfEAqy0YKh4vnioH8uYO9kAEdgM7mR40IksIx9/Zk4+vbYew/sGa4J9Q4tZ3n9gXDHA=="],

    "@oxfmt/binding-linux-arm64-gnu": ["@oxfmt/binding-linux-arm64-gnu@0.60.0", "", { "os": "linux", "cpu": "arm64" }, "sha512-LTQdRBf6uzj/h7Xk6lKzbGD2hrF/fK4YI9LIN1c0509tPUn8wRa3mCmrFQpEWJPLYGFrLFFMTYW1Ljj6VqW2Hw=="],

    "@oxfmt/binding-linux-arm64-musl": ["@oxfmt/binding-linux-arm64-musl@0.60.0", "", { "os": "linux", "cpu": "arm64" }, "sha512-2JMo3XPxMPx3hiqddSZYyaH+fKJm6cz0u8n1naYjP/CdOQOZW34i8lKBUfmbWiuFvd6KoYXLmhAyBuvojsYS7Q=="],

    "@oxfmt/binding-linux-ppc64-gnu": ["@oxfmt/binding-linux-ppc64-gnu@0.60.0", "", { "os": "linux", "cpu": "ppc64" }, "sha512-L3C+nBD13lr306tr/PjM3RMll+BVqgFrIgUyoeHuai5oueJrRLgO3j+GO5/Cbhtkf5PSlHYTI1JY7iqBd1qa6A=="],

    "@oxfmt/binding-linux-riscv64-gnu": ["@oxfmt/binding-linux-riscv64-gnu@0.60.0", "", { "os": "linux", "cpu": "none" }, "sha512-M4MsmvqlxFiPtSRGyBYQSZxchEf463AOyd+Dh4/9xDpjWBsRtDUTDMFN5EdHinjVK1/eDJQ8MLpcYjpYayaCnA=="],

    "@oxfmt/binding-linux-riscv64-musl": ["@oxfmt/binding-linux-riscv64-musl@0.60.0", "", { "os": "linux", "cpu": "none" }, "sha512-OH+9UskYuxRB+GxqdGkVN8f5UpwhqG8YscNo1wl8+KJ62cd7wZdGga6iGLJIf8kibF1WBwvlfDUx3cez/VXwFg=="],

    "@oxfmt/binding-linux-s390x-gnu": ["@oxfmt/binding-linux-s390x-gnu@0.60.0", "", { "os": "linux", "cpu": "s390x" }, "sha512-y7AAFutt9wFWBFOAn6+BHaV39usZmcr3YYH2385f+NHgPNpIF9HpqKp0jgUxPaUOCyG3oaX5VhJduL1Nw164rw=="],

    "@oxfmt/binding-linux-x64-gnu": ["@oxfmt/binding-linux-x64-gnu@0.60.0", "", { "os": "linux", "cpu": "x64" }, "sha512-yKZ9+CXAI+1RO5nH/4Z/9M6DAsfOzd5bw/gtWk81KB4mpalMaRRSXfouc5/tHxazDmBek55HNPepNYBgaCew0Q=="],

    "@oxfmt/binding-linux-x64-musl": ["@oxfmt/binding-linux-x64-musl@0.60.0", "", { "os": "linux", "cpu": "x64" }, "sha512-bCUGaF6hJOYnQzLJdHLZbvGsOd5oSvGAyJhPAKum2uyLYUuXmP8vqg690DWi2hqcnIoYpqSqCrjzE5aiUAgwQg=="],

    "@oxfmt/binding-openharmony-arm64": ["@oxfmt/binding-openharmony-arm64@0.60.0", "", { "os": "none", "cpu": "arm64" }, "sha512-GrUeZOvzP30ExxfCuQiyofuUGI+OmvAgFwOO5w5p9mGPlxcyuqI+6Sy9fAKFFfLQrqKYWFgc5sYA2Unj/29nPg=="],

    "@oxfmt/binding-win32-arm64-msvc": ["@oxfmt/binding-win32-arm64-msvc@0.60.0", "", { "os": "win32", "cpu": "arm64" }, "sha512-WD4Q954kUl2TDJV/6q7UnE2rlKk047kXLJsr4bJ2mXRaAqNXcmV3nwKUsGCc3mz/jYDBnXtJEaBErJEybK8iQQ=="],

    "@oxfmt/binding-win32-ia32-msvc": ["@oxfmt/binding-win32-ia32-msvc@0.60.0", "", { "os": "win32", "cpu": "ia32" }, "sha512-HqDekjr8JXzVDUP1YthDZ1Y3CBEcuZT4WX3B+1kaxj8CvZA8Y2YhcEsXqoSop3tVsgjACxjnFQFDkBo0r/jq1Q=="],

    "@oxfmt/binding-win32-x64-msvc": ["@oxfmt/binding-win32-x64-msvc@0.60.0", "", { "os": "win32", "cpu": "x64" }, "sha512-tz78yhmGPKboTMHCHSaUqXK8JrmoSejgDcWeqAtg2s07ZGKQ3rH5Jn8NuXPGNG33CDbY2e9NoQWXIVEmKO21Rw=="],

    "@oxlint/binding-android-arm-eabi": ["@oxlint/binding-android-arm-eabi@1.75.0", "", { "os": "android", "cpu": "arm" }, "sha512-lutovtFzJqlRaqpZrCqSSGaHZzl9nIxxpjLzhSRLunN6dCLylj0uzlCyQGaQDIys7rrv8kVXiFO+R4Zpn0bX7g=="],

    "@oxlint/binding-android-arm64": ["@oxlint/binding-android-arm64@1.75.0", "", { "os": "android", "cpu": "arm64" }, "sha512-hXI0hDgHkw4w5nfru72aG7y+2iQJmC4waH/KV6H/hbgA6yAP5jYNx0P9yug15Hs0tWl/+mda3Jjn/2gmDT48tw=="],

    "@oxlint/binding-darwin-arm64": ["@oxlint/binding-darwin-arm64@1.75.0", "", { "os": "darwin", "cpu": "arm64" }, "sha512-D91BWbK/dMYfCcrghspPIuKs2D9LF4Z/OabVSQjw1AO6PWxArD7teDA48bm0ySFqWDaPVqmQRl5GMWNglTXyrQ=="],

    "@oxlint/binding-darwin-x64": ["@oxlint/binding-darwin-x64@1.75.0", "", { "os": "darwin", "cpu": "x64" }, "sha512-02mpwzf12BonZ6PT0TuQoomvEh2kVl2WGBIKWezCyToIS+rYkQZ6GXnARBAl9A4Ovm2V+Xe7M4KretyqmmcnJQ=="],

    "@oxlint/binding-freebsd-x64": ["@oxlint/binding-freebsd-x64@1.75.0", "", { "os": "freebsd", "cpu": "x64" }, "sha512-qZJgLnDaBsiL5YESx2t/TZ8eXkL9fEkKoXEdzegROhlz9A0lgyGnZ0dAzJrh7LJAHQl2K9RdRueN2s/9N7+odg=="],

    "@oxlint/binding-linux-arm-gnueabihf": ["@oxlint/binding-linux-arm-gnueabihf@1.75.0", "", { "os": "linux", "cpu": "arm" }, "sha512-7XlaWA5BJD3XpCfrEqjEe6Zseeb14S7QGa304XfwKignRaKQ+eIj775BQ7nIslggWickl4IsPUFqJ+/gAyNHVg=="],

    "@oxlint/binding-linux-arm-musleabihf": ["@oxlint/binding-linux-arm-musleabihf@1.75.0", "", { "os": "linux", "cpu": "arm" }, "sha512-av6Tpv8yrcMMMOadOqENBhlsLRcGFXXwoQ0hzHhsmS9FJ4Wioy8we427GbcMe2XTxmL2e60T67H1Dyr3up+tAA=="],

    "@oxlint/binding-linux-arm64-gnu": ["@oxlint/binding-linux-arm64-gnu@1.75.0", "", { "os": "linux", "cpu": "arm64" }, "sha512-WcUhd8fHT5plrA14lANevl+hOl815mVI5t2hU21oFWrZKFXIVV/Sr4rWQV0NzSvzBupbMLNc5ErEA6Ehxh5jMg=="],

    "@oxlint/binding-linux-arm64-musl": ["@oxlint/binding-linux-arm64-musl@1.75.0", "", { "os": "linux", "cpu": "arm64" }, "sha512-UWzp5wRHFe/ESO3+eEaxXsTkYTGLYjnTsi/I5neEacXSItQ6WNleapfOAeA4x2b8nyhJ4uQxqvtv9pHv8kWJtQ=="],

    "@oxlint/binding-linux-ppc64-gnu": ["@oxlint/binding-linux-ppc64-gnu@1.75.0", "", { "os": "linux", "cpu": "ppc64" }, "sha512-XEVRwGMLKCUKrvhLAz4F6AIh8MJrQVdSZtAmPpRZt9tGPsUnamPOcl3dS/ZQzJnar/Ymgc//+xho0L60Emzuxg=="],

    "@oxlint/binding-linux-riscv64-gnu": ["@oxlint/binding-linux-riscv64-gnu@1.75.0", "", { "os": "linux", "cpu": "none" }, "sha512-mAG4DUXqfLC8cTjMD2kt3jDmVzFREYtDyeLNdLdsCcBc4Zbl2EMuiFektGBilQwkNjYnMvCqJs55U+Hyb+b+jw=="],

    "@oxlint/binding-linux-riscv64-musl": ["@oxlint/binding-linux-riscv64-musl@1.75.0", "", { "os": "linux", "cpu": "none" }, "sha512-95hrAvriAlI+pekSomTFIn0+bawMDlDwTNVmdjsFusTHyL2JWh7TWvRNG/Lkim72uN8OiCcO9wcaC6omLP5E3w=="],

    "@oxlint/binding-linux-s390x-gnu": ["@oxlint/binding-linux-s390x-gnu@1.75.0", "", { "os": "linux", "cpu": "s390x" }, "sha512-4b6f2+FrtruAESrCqIKcrarzfrSx+wk2QNcp+RT91/Prc+pMQMAfyZ1rG1c3tFQNl8Bc616tx40uNXyxNBRPbQ=="],

    "@oxlint/binding-linux-x64-gnu": ["@oxlint/binding-linux-x64-gnu@1.75.0", "", { "os": "linux", "cpu": "x64" }, "sha512-nshAhrUvXFUWOvqQ2soIw7HFNWvpvEV4o0cYSqPtzLiPF5gKyYTDOOTJ6Rn8g8K/iGvPIrbDA4v8+5MvnjJrrg=="],

    "@oxlint/binding-linux-x64-musl": ["@oxlint/binding-linux-x64-musl@1.75.0", "", { "os": "linux", "cpu": "x64" }, "sha512-e4jNxLKnxLC6sYBQRxrI2pgIIxnmMtF8U/VwNYcjTT/CLS+spH624cYVnj07bTKwaEWT37/e025isOs6j/0xqA=="],

    "@oxlint/binding-openharmony-arm64": ["@oxlint/binding-openharmony-arm64@1.75.0", "", { "os": "none", "cpu": "arm64" }, "sha512-hZ2lH+1qLf/DiEP9UWuQTK2JWj/BgvMB4jhIV4SmNU1wfEiYYX4TynQyAZXx0j9X4qRYizAL042SKaV+8ynh4w=="],

    "@oxlint/binding-win32-arm64-msvc": ["@oxlint/binding-win32-arm64-msvc@1.75.0", "", { "os": "win32", "cpu": "arm64" }, "sha512-Ilj6PNzGDS3bCU0MSJH7Msh0NhH+T/mRp2shwg+q+GHeVlPwP5LEboW96aW+3kVKFk6zYZy1Xi5pZkqZh6X8KQ=="],

    "@oxlint/binding-win32-ia32-msvc": ["@oxlint/binding-win32-ia32-msvc@1.75.0", "", { "os": "win32", "cpu": "ia32" }, "sha512-QVit2nOEOiPhkmsrksPSkoGCdnZRNkspt8fwoYyP09te1VEbnSj4LAxua4rc8FKTmWkySVe05j8iz9GXYfF1AQ=="],

    "@oxlint/binding-win32-x64-msvc": ["@oxlint/binding-win32-x64-msvc@1.75.0", "", { "os": "win32", "cpu": "x64" }, "sha512-DSxnNkBUAYARPwJtR12Ig3deWr8w0H997xP6jy33i+e0SyYJw8FKuz4+cZtpmPEhQmvlPJE3X/2vNxDmLkd/rA=="],

    "@types/big.js": ["@types/big.js@6.2.2", "", {}, "sha512-e2cOW9YlVzFY2iScnGBBkplKsrn2CsObHQ2Hiw4V1sSyiGbgWL8IyqE3zFi1Pt5o1pdAtYkDAIsF3KKUPjdzaA=="],

    "@types/conventional-commits-parser": ["@types/conventional-commits-parser@5.0.2", "", { "dependencies": { "@types/node": "*" } }, "sha512-BgT2szDXnVypgpNxOK8aL5SGjUdaQbC++WZNjF1Qge3Og2+zhHj+RWhmehLhYyvQwqAmvezruVfOf8+3m74W+g=="],

    "@types/node": ["@types/node@25.8.0", "", { "dependencies": { "undici-types": ">=7.24.0 <7.24.7" } }, "sha512-TCFSk8IZh+iLX1xtksoBVtdmgL+1IX0fC9BeU4QqFSuNdN/K+HUlhqOzEmSYYpZUVsLYcPqc9KX+60iDuninSQ=="],

    "@typescript/typescript-aix-ppc64": ["@typescript/typescript-aix-ppc64@7.0.2", "", { "os": "aix", "cpu": "ppc64" }, "sha512-MTKKkWB7p/0E9xi1d1tHtZ5PiLkGEMIq88pK2CubZjOsLtYTLqhgIgi6zepFa+9GHZ6h05NMCkQxGKiPXMxXtQ=="],

    "@typescript/typescript-darwin-arm64": ["@typescript/typescript-darwin-arm64@7.0.2", "", { "os": "darwin", "cpu": "arm64" }, "sha512-gowzar9MwS/aRWp6f3a4KUqzRjAZjOsmGNCM6LcTgXum+dBfgsBVMN+AgvOCCbguXyick6LJhpBszxMebJ8syA=="],

    "@typescript/typescript-darwin-x64": ["@typescript/typescript-darwin-x64@7.0.2", "", { "os": "darwin", "cpu": "x64" }, "sha512-SZ9xZInqApNlNGc9s0W1VSsktYSOe9cFqNOIqmN1Gs8SmkjKZYFt017G4VwPxASInODuAdbTW7sXiFUf893RgA=="],

    "@typescript/typescript-freebsd-arm64": ["@typescript/typescript-freebsd-arm64@7.0.2", "", { "os": "freebsd", "cpu": "arm64" }, "sha512-W5NH4y/J0plIIS5b2xvTEkU7JFxyqdMAOgf+Ilhl0vHQXKO5dZoxd+C/jEtq56c4F3wk71RB4BMRQ2XdI+bwYQ=="],

    "@typescript/typescript-freebsd-x64": ["@typescript/typescript-freebsd-x64@7.0.2", "", { "os": "freebsd", "cpu": "x64" }, "sha512-UMGDx5sTpzNw3WiPebH7l90IWfJggEd+egHt/q6p7/Cm3zqoV7VxkGXt+3DxPIw8CcmvAB0j3sVVfbhX+M4Tpw=="],

    "@typescript/typescript-linux-arm": ["@typescript/typescript-linux-arm@7.0.2", "", { "os": "linux", "cpu": "arm" }, "sha512-gffT3xPz9sR7j/YJExkyPntrI0P2EP9XbOyWzth2/Gs0RstK+90RBcO0ncXoXy/beYll1SXw846Nf2zdnEz0QQ=="],

    "@typescript/typescript-linux-arm64": ["@typescript/typescript-linux-arm64@7.0.2", "", { "os": "linux", "cpu": "arm64" }, "sha512-Qh4eU4/y3yDjnfjjyPYihMj5/ODIlmt+Bzu17OI+fiSRDW57QmU5SiN63exPRNJPKUzcc1INa1NXdrJ+MqHjUQ=="],

    "@typescript/typescript-linux-loong64": ["@typescript/typescript-linux-loong64@7.0.2", "", { "os": "linux", "cpu": "none" }, "sha512-uEHck9i8hoAzXPiYRib1O7miOnz23SxIeVl6F4LXox+qov1K35jHcEW6VHKvZI+pyvl7fZEP4MCU5LYvIq1GuQ=="],

    "@typescript/typescript-linux-mips64el": ["@typescript/typescript-linux-mips64el@7.0.2", "", { "os": "linux", "cpu": "none" }, "sha512-R4KvAMnE43W5Qeqb0Ly56O3mWMWIAgsMyz36DCaycd5nbg/9kzm0liw3JocfRqyJY0KPmzFjbswozXyW0DnIYA=="],

    "@typescript/typescript-linux-ppc64": ["@typescript/typescript-linux-ppc64@7.0.2", "", { "os": "linux", "cpu": "ppc64" }, "sha512-DORx5b3sd/4S7eayxm4FQv+A7CrkUIGRaHiwI8oiHTAI1fAPWhF4J0vAlkC8biAlHSVVwxMQ3tjZ2/DVbnQiiA=="],

    "@typescript/typescript-linux-riscv64": ["@typescript/typescript-linux-riscv64@7.0.2", "", { "os": "linux", "cpu": "none" }, "sha512-wf0jqEDOjrPRnKwYRyyJDRo11KMbvMFrU+q4zqKyChODBzvlkbhNQfKvLxQCcwTpdDaXSHZTVuh0JoCrKCUMHQ=="],

    "@typescript/typescript-linux-s390x": ["@typescript/typescript-linux-s390x@7.0.2", "", { "os": "linux", "cpu": "s390x" }, "sha512-IkwJc3L7yhytWd/ewjyxNDfOmswCm9GWMJT/ue/dU4aZNbwZeYAetq42VyLmsmSjvoX7z74X6ZaYCtzAr0EuGw=="],

    "@typescript/typescript-linux-x64": ["@typescript/typescript-linux-x64@7.0.2", "", { "os": "linux", "cpu": "x64" }, "sha512-EYdf2cNg7rgCWJnxCdJ+F3V39O8ihb37eHAu1LK8oAFizgTQbPOK7zHHXbPt8rX24COqODXeI3sIf0fCXG7H/A=="],

    "@typescript/typescript-netbsd-arm64": ["@typescript/typescript-netbsd-arm64@7.0.2", "", { "os": "none", "cpu": "arm64" }, "sha512-+polYF4MF04aPpO5FTkHran9yUQDSXqy5GiSDKpsll5jy3l3+g9QLhpf39T+ePtefhXLOGrLl0QIjkQP6VnelA=="],

    "@typescript/typescript-netbsd-x64": ["@typescript/typescript-netbsd-x64@7.0.2", "", { "os": "none", "cpu": "x64" }, "sha512-8YIT0EHM/3dq10ZOVF/A7pc/YSMtbcecct4rWtexrnSCHOPcpC2KTLXfTCR6vDpnSiY12heNb1GiN/wu+T/FyA=="],

    "@typescript/typescript-openbsd-arm64": ["@typescript/typescript-openbsd-arm64@7.0.2", "", { "os": "openbsd", "cpu": "arm64" }, "sha512-APT8+ClYnuYm1u9+kgGXoMj2VzWzcymwh2gNSQVySHfkRDGOTVkoWLjCmOQSaO+PoqQ57B0flRp9SA+7GnnkzQ=="],

    "@typescript/typescript-openbsd-x64": ["@typescript/typescript-openbsd-x64@7.0.2", "", { "os": "openbsd", "cpu": "x64" }, "sha512-yX7s+Q0Dln0Dt9tEzZsAjXXR/+ytBM7AlglaqyeMPxQszJ1JhlJdZ6jLA+IzldHtflX81em7lDao1xXu+aRRkg=="],

    "@typescript/typescript-sunos-x64": ["@typescript/typescript-sunos-x64@7.0.2", "", { "os": "sunos", "cpu": "x64" }, "sha512-dLJDGaLZ1D4HPQn62u1n8mBDkJREwMsAkCdkwd4Ieqw+x3TUyTsqY0YiBCtE6H6OzzgGk3iuZ3vFWRS+E8/d1g=="],

    "@typescript/typescript-win32-arm64": ["@typescript/typescript-win32-arm64@7.0.2", "", { "os": "win32", "cpu": "arm64" }, "sha512-Gyl1Vy6OsWesLzmq+EP0Fb7b4Nid5232AvcA2SFcdYreldpNtYFFofPjnt62y9hQy7VTaZp65ICJjuAQRaVcIQ=="],

    "@typescript/typescript-win32-x64": ["@typescript/typescript-win32-x64@7.0.2", "", { "os": "win32", "cpu": "x64" }, "sha512-0BQ3HkAHHlKLSp1qRvf3SUhGpGsDuhB/jgFw75guyqbxJqEaS0Cw/VFO8i2nHglJUzQCRtMMR/IBAKE3ETMC4g=="],

    "JSONStream": ["JSONStream@1.3.5", "", { "dependencies": { "jsonparse": "^1.2.0", "through": ">=2.2.7 <3" }, "bin": { "JSONStream": "./bin.js" } }, "sha512-E+iruNOY8VV9s4JEbe1aNEm6MiszPRr/UfcHMz0TQh1BXSxHK+ASV1R6W4HpjBhSeS+54PIsAMCBmwD06LLsqQ=="],

    "ajv": ["ajv@8.20.0", "", { "dependencies": { "fast-deep-equal": "^3.1.3", "fast-uri": "^3.0.1", "json-schema-traverse": "^1.0.0", "require-from-string": "^2.0.2" } }, "sha512-Thbli+OlOj+iMPYFBVBfJ3OmCAnaSyNn4M1vz9T6Gka5Jt9ba/HIR56joy65tY6kx/FCF5VXNB819Y7/GUrBGA=="],

    "ansi-regex": ["ansi-regex@5.0.1", "", {}, "sha512-quJQXlTSUGL2LH9SUXo8VwsY4soanhgo6LNSm84E1LBcE8s3O0wpdiRzyR9z/ZZJMlMWv37qOOb9pdJlMUEKFQ=="],

    "ansi-styles": ["ansi-styles@4.3.0", "", { "dependencies": { "color-convert": "^2.0.1" } }, "sha512-zbB9rCJAT1rbjiVDb2hqKFHNYLxgtk8NURxZ3IZwD3F6NtxbXZQCnnSi1Lkx+IDohdPlFp222wVALIheZJQSEg=="],

    "argparse": ["argparse@2.0.1", "", {}, "sha512-8+9WqebbFzpX9OR+Wa6O29asIogeRMzcGtAINdpMHHyAg10f05aSFVBbcEqGf/PXw1EjAZ+q2/bEBg3DvurK3Q=="],

    "array-ify": ["array-ify@1.0.0", "", {}, "sha512-c5AMf34bKdvPhQ7tBGhqkgKNUzMr4WUs+WDtC2ZUGOUncbxKMTvqxYctiseW3+L4bA8ec+GcZ6/A/FW4m8ukng=="],

    "callsites": ["callsites@3.1.0", "", {}, "sha512-P8BjAsXvZS+VIDUI11hHCQEv74YT67YUi5JJFNWIqL235sBmjX4+qx9Muvls5ivyNENctx46xQLQ3aTuE7ssaQ=="],

    "chalk": ["chalk@5.6.2", "", {}, "sha512-7NzBL0rN6fMUW+f7A6Io4h40qQlG+xGmtMxfbnH/K7TAtt8JQWVQK+6g0UXKMeVJoyV5EkkNsErQ8pVD3bLHbA=="],

    "cliui": ["cliui@8.0.1", "", { "dependencies": { "string-width": "^4.2.0", "strip-ansi": "^6.0.1", "wrap-ansi": "^7.0.0" } }, "sha512-BSeNnyus75C4//NQ9gQt1/csTXyo/8Sb+afLAkzAptFuMsod9HFokGNudZpi/oQV73hnVK+sR+5PVRMd+Dr7YQ=="],

    "color-convert": ["color-convert@2.0.1", "", { "dependencies": { "color-name": "~1.1.4" } }, "sha512-RRECPsj7iu/xb5oKYcsFHSppFNnsj/52OVTRKb4zP5onXwVF3zVmmToNcOfGC+CRDpfK/U584fMg38ZHCaElKQ=="],

    "color-name": ["color-name@1.1.4", "", {}, "sha512-dOy+3AuW3a2wNbZHIuMZpTcgjGuLU/uBL/ubcZF9OXbDo8ff4O8yVp5Bf0efS8uEoYo5q4Fx7dY9OgQGXgAsQA=="],

    "compare-func": ["compare-func@2.0.0", "", { "dependencies": { "array-ify": "^1.0.0", "dot-prop": "^5.1.0" } }, "sha512-zHig5N+tPWARooBnb0Zx1MFcdfpyJrfTJ3Y5L+IFvUm8rM74hHz66z0gw0x4tijh5CorKkKUCnW82R2vmpeCRA=="],

    "conventional-changelog-angular": ["conventional-changelog-angular@7.0.0", "", { "dependencies": { "compare-func": "^2.0.0" } }, "sha512-ROjNchA9LgfNMTTFSIWPzebCwOGFdgkEq45EnvvrmSLvCtAw0HSmrCs7/ty+wAeYUZyNay0YMUNYFTRL72PkBQ=="],

    "conventional-changelog-conventionalcommits": ["conventional-changelog-conventionalcommits@7.0.2", "", { "dependencies": { "compare-func": "^2.0.0" } }, "sha512-NKXYmMR/Hr1DevQegFB4MwfM5Vv0m4UIxKZTTYuD98lpTknaZlSRrDOG4X7wIXpGkfsYxZTghUN+Qq+T0YQI7w=="],

    "conventional-commits-parser": ["conventional-commits-parser@5.0.0", "", { "dependencies": { "JSONStream": "^1.3.5", "is-text-path": "^2.0.0", "meow": "^12.0.1", "split2": "^4.0.0" }, "bin": { "conventional-commits-parser": "cli.mjs" } }, "sha512-ZPMl0ZJbw74iS9LuX9YIAiW8pfM5p3yh2o/NbXHbkFuZzY5jvdi5jFycEOkmBW5H5I7nA+D6f3UcsCLP2vvSEA=="],

    "cosmiconfig": ["cosmiconfig@9.0.1", "", { "dependencies": { "env-paths": "^2.2.1", "import-fresh": "^3.3.0", "js-yaml": "^4.1.0", "parse-json": "^5.2.0" }, "peerDependencies": { "typescript": ">=4.9.5" }, "optionalPeers": ["typescript"] }, "sha512-hr4ihw+DBqcvrsEDioRO31Z17x71pUYoNe/4h6Z0wB72p7MU7/9gH8Q3s12NFhHPfYBBOV3qyfUxmr/Yn3shnQ=="],

    "cosmiconfig-typescript-loader": ["cosmiconfig-typescript-loader@6.3.0", "", { "dependencies": { "jiti": "2.6.1" }, "peerDependencies": { "@types/node": "*", "cosmiconfig": ">=9", "typescript": ">=5" } }, "sha512-Akr82WH1Wfqatyiqpj8HDkO2o2KmJRu1FhKfSNJP3K4IdXwHfEyL7MOb62i1AGQVLtIQM+iCE9CGOtrfhR+mmA=="],

    "dargs": ["dargs@8.1.0", "", {}, "sha512-wAV9QHOsNbwnWdNW2FYvE1P56wtgSbM+3SZcdGiWQILwVjACCXDCI3Ai8QlCjMDB8YK5zySiXZYBiwGmNY3lnw=="],

    "dot-prop": ["dot-prop@5.3.0", "", { "dependencies": { "is-obj": "^2.0.0" } }, "sha512-QM8q3zDe58hqUqjraQOmzZ1LIH9SWQJTlEKCH4kJ2oQvLZk7RbQXvtDM2XEq3fwkV9CCvvH4LA0AV+ogFsBM2Q=="],

    "emoji-regex": ["emoji-regex@8.0.0", "", {}, "sha512-MSjYzcWNOA0ewAHpz0MxpYFvwg6yjy1NG3xteoqz644VCo/RPgnr1/GGt+ic3iJTzQ8Eu3TdM14SawnVUmGE6A=="],

    "env-paths": ["env-paths@2.2.1", "", {}, "sha512-+h1lkLKhZMTYjog1VEpJNG7NZJWcuc2DDk/qsqSTRRCOXiLjeQ1d1/udrUGhqMxUgAlwKNZ0cf2uqan5GLuS2A=="],

    "error-ex": ["error-ex@1.3.4", "", { "dependencies": { "is-arrayish": "^0.2.1" } }, "sha512-sqQamAnR14VgCr1A618A3sGrygcpK+HEbenA/HiEAkkUwcZIIB/tgWqHFxWgOyDh4nB4JCRimh79dR5Ywc9MDQ=="],

    "escalade": ["escalade@3.2.0", "", {}, "sha512-WUj2qlxaQtO4g6Pq5c29GTcWGDyd8itL8zTlipgECz3JesAiiOKotd8JU6otB3PACgG6xkJUyVhboMS+bje/jA=="],

    "fast-deep-equal": ["fast-deep-equal@3.1.3", "", {}, "sha512-f3qQ9oQy9j2AhBe/H9VC91wLmKBCCU/gDOnKNAYG5hswO7BLKj09Hc5HYNz9cGI++xlpDCIgDaitVs03ATR84Q=="],

    "fast-uri": ["fast-uri@3.1.2", "", {}, "sha512-rVjf7ArG3LTk+FS6Yw81V1DLuZl1bRbNrev6Tmd/9RaroeeRRJhAt7jg/6YFxbvAQXUCavSoZhPPj6oOx+5KjQ=="],

    "fflate": ["fflate@0.4.8", "", {}, "sha512-FJqqoDBR00Mdj9ppamLa/Y7vxm+PRmNWA67N846RvsoYVMKB4q3y/de5PA7gUmRMYK/8CMz2GDZQmCRN1wBcWA=="],

    "find-up": ["find-up@7.0.0", "", { "dependencies": { "locate-path": "^7.2.0", "path-exists": "^5.0.0", "unicorn-magic": "^0.1.0" } }, "sha512-YyZM99iHrqLKjmt4LJDj58KI+fYyufRLBSYcqycxf//KpBk9FoewoGX0450m9nB44qrZnovzC2oeP5hUibxc/g=="],

    "get-caller-file": ["get-caller-file@2.0.5", "", {}, "sha512-DyFP3BM/3YHTQOCUL/w0OZHR0lpKeGrxotcHWcqNEdnltqFwXVfhEBQ94eIo34AfQpo0rGki4cyIiftY06h2Fg=="],

    "git-raw-commits": ["git-raw-commits@4.0.0", "", { "dependencies": { "dargs": "^8.0.0", "meow": "^12.0.1", "split2": "^4.0.0" }, "bin": { "git-raw-commits": "cli.mjs" } }, "sha512-ICsMM1Wk8xSGMowkOmPrzo2Fgmfo4bMHLNX6ytHjajRJUqvHOw/TFapQ+QG75c3X/tTDDhOSRPGC52dDbNM8FQ=="],

    "global-directory": ["global-directory@4.0.1", "", { "dependencies": { "ini": "4.1.1" } }, "sha512-wHTUcDUoZ1H5/0iVqEudYW4/kAlN5cZ3j/bXn0Dpbizl9iaUVeWSHqiOjsgk6OW2bkLclbBjzewBz6weQ1zA2Q=="],

    "husky": ["husky@8.0.3", "", { "bin": { "husky": "lib/bin.js" } }, "sha512-+dQSyqPh4x1hlO1swXBiNb2HzTDN1I2IGLQx1GrBuiqFJfoMrnZWwVmatvSiO+Iz8fBUnf+lekwNo4c2LlXItg=="],

    "import-fresh": ["import-fresh@3.3.1", "", { "dependencies": { "parent-module": "^1.0.0", "resolve-from": "^4.0.0" } }, "sha512-TR3KfrTZTYLPB6jUjfx6MF9WcWrHL9su5TObK4ZkYgBdWKPOFoSoQIdEuTuR82pmtxH2spWG9h6etwfr1pLBqQ=="],

    "import-meta-resolve": ["import-meta-resolve@4.2.0", "", {}, "sha512-Iqv2fzaTQN28s/FwZAoFq0ZSs/7hMAHJVX+w8PZl3cY19Pxk6jFFalxQoIfW2826i/fDLXv8IiEZRIT0lDuWcg=="],

    "ini": ["ini@4.1.1", "", {}, "sha512-QQnnxNyfvmHFIsj7gkPcYymR8Jdw/o7mp5ZFihxn6h8Ci6fh3Dx4E1gPjpQEpIuPo9XVNY/ZUwh4BPMjGyL01g=="],

    "is-arrayish": ["is-arrayish@0.2.1", "", {}, "sha512-zz06S8t0ozoDXMG+ube26zeCTNXcKIPJZJi8hBrF4idCLms4CG9QtK7qBl1boi5ODzFpjswb5JPmHCbMpjaYzg=="],

    "is-fullwidth-code-point": ["is-fullwidth-code-point@3.0.0", "", {}, "sha512-zymm5+u+sCsSWyD9qNaejV3DFvhCKclKdizYaJUuHA83RLjb7nSuGnddCHGv0hk+KY7BMAlsWeK4Ueg6EV6XQg=="],

    "is-obj": ["is-obj@2.0.0", "", {}, "sha512-drqDG3cbczxxEJRoOXcOjtdp1J/lyp1mNn0xaznRs8+muBhgQcrnbspox5X5fOw0HnMnbfDzvnEMEtqDEJEo8w=="],

    "is-text-path": ["is-text-path@2.0.0", "", { "dependencies": { "text-extensions": "^2.0.0" } }, "sha512-+oDTluR6WEjdXEJMnC2z6A4FRwFoYuvShVVEGsS7ewc0UTi2QtAKMDJuL4BDEVt+5T7MjFo12RP8ghOM75oKJw=="],

    "jiti": ["jiti@2.6.1", "", { "bin": { "jiti": "lib/jiti-cli.mjs" } }, "sha512-ekilCSN1jwRvIbgeg/57YFh8qQDNbwDb9xT/qu2DAHbFFZUicIl4ygVaAvzveMhMVr3LnpSKTNnwt8PoOfmKhQ=="],

    "js-tokens": ["js-tokens@4.0.0", "", {}, "sha512-RdJUflcE3cUzKiMqQgsCu06FPu9UdIJO0beYbPhHN4k6apgJtifcoCtT9bcxOpYBtpD2kCM6Sbzg4CausW/PKQ=="],

    "js-yaml": ["js-yaml@4.1.1", "", { "dependencies": { "argparse": "^2.0.1" }, "bin": { "js-yaml": "bin/js-yaml.js" } }, "sha512-qQKT4zQxXl8lLwBtHMWwaTcGfFOZviOJet3Oy/xmGk2gZH677CJM9EvtfdSkgWcATZhj/55JZ0rmy3myCT5lsA=="],

    "json-parse-even-better-errors": ["json-parse-even-better-errors@2.3.1", "", {}, "sha512-xyFwyhro/JEof6Ghe2iz2NcXoj2sloNsWr/XsERDK/oiPCfaNhl5ONfp+jQdAZRQQ0IJWNzH9zIZF7li91kh2w=="],

    "json-schema-traverse": ["json-schema-traverse@1.0.0", "", {}, "sha512-NM8/P9n3XjXhIZn1lLhkFaACTOURQXjWhV4BA/RnOv8xvgqtqpAX9IO4mRQxSx1Rlo4tqzeqb0sOlruaOy3dug=="],

    "jsonparse": ["jsonparse@1.3.1", "", {}, "sha512-POQXvpdL69+CluYsillJ7SUhKvytYjW9vG/GKpnf+xP8UWgYEM/RaMzHHofbALDiKbbP1W8UEYmgGl39WkPZsg=="],

    "lines-and-columns": ["lines-and-columns@1.2.4", "", {}, "sha512-7ylylesZQ/PV29jhEDl3Ufjo6ZX7gCqJr5F7PKrqc93v7fzSymt1BpwEU8nAUXs8qzzvqhbjhK5QZg6Mt/HkBg=="],

    "locate-path": ["locate-path@7.2.0", "", { "dependencies": { "p-locate": "^6.0.0" } }, "sha512-gvVijfZvn7R+2qyPX8mAuKcFGDf6Nc61GdvGafQsHL0sBIxfKzA+usWn4GFC/bk+QdwPUD4kWFJLhElipq+0VA=="],

    "lodash.camelcase": ["lodash.camelcase@4.3.0", "", {}, "sha512-TwuEnCnxbc3rAvhf/LbG7tJUDzhqXyFnv3dtzLOPgCG/hODL7WFnsbwktkD7yUV0RrreP/l1PALq/YSg6VvjlA=="],

    "lodash.isplainobject": ["lodash.isplainobject@4.0.6", "", {}, "sha512-oSXzaWypCMHkPC3NvBEaPHf0KsA5mvPrOPgQWDsbg8n7orZ290M0BmC/jgRZ4vcJ6DTAhjrsSYgdsW/F+MFOBA=="],

    "lodash.kebabcase": ["lodash.kebabcase@4.1.1", "", {}, "sha512-N8XRTIMMqqDgSy4VLKPnJ/+hpGZN+PHQiJnSenYqPaVV/NCqEogTnAdZLQiGKhxX+JCs8waWq2t1XHWKOmlY8g=="],

    "lodash.merge": ["lodash.merge@4.6.2", "", {}, "sha512-0KpjqXRVvrYyCsX1swR/XTK0va6VQkQM6MNo7PqW77ByjAhoARA8EfrP1N4+KlKj8YS0ZUCtRT/YUuhyYDujIQ=="],

    "lodash.mergewith": ["lodash.mergewith@4.6.2", "", {}, "sha512-GK3g5RPZWTRSeLSpgP8Xhra+pnjBC56q9FZYe1d5RN3TJ35dbkGy3YqBSMbyCrlbi+CM9Z3Jk5yTL7RCsqboyQ=="],

    "lodash.snakecase": ["lodash.snakecase@4.1.1", "", {}, "sha512-QZ1d4xoBHYUeuouhEq3lk3Uq7ldgyFXGBhg04+oRLnIz8o9T65Eh+8YdroUwn846zchkA9yDsDl5CVVaV2nqYw=="],

    "lodash.startcase": ["lodash.startcase@4.4.0", "", {}, "sha512-+WKqsK294HMSc2jEbNgpHpd0JfIBhp7rEV4aqXWqFr6AlXov+SlcgB1Fv01y2kGe3Gc8nMW7VA0SrGuSkRfIEg=="],

    "lodash.uniq": ["lodash.uniq@4.5.0", "", {}, "sha512-xfBaXQd9ryd9dlSDvnvI0lvxfLJlYAZzXomUYzLKtUeOQvOP5piqAWuGtrhWeqaXK9hhoM/iyJc5AV+XfsX3HQ=="],

    "lodash.upperfirst": ["lodash.upperfirst@4.3.1", "", {}, "sha512-sReKOYJIJf74dhJONhU4e0/shzi1trVbSWDOhKYE5XV2O+H7Sb2Dihwuc7xWxVl+DgFPyTqIN3zMfT9cq5iWDg=="],

    "meow": ["meow@12.1.1", "", {}, "sha512-BhXM0Au22RwUneMPwSCnyhTOizdWoIEPU9sp0Aqa1PnDMR5Wv2FGXYDjuzJEIX+Eo2Rb8xuYe5jrnm5QowQFkw=="],

    "minimist": ["minimist@1.2.8", "", {}, "sha512-2yyAR8qBkN3YuheJanUpWC5U3bb5osDywNB8RzDVlDwDHbocAJveqqj1u8+SVD7jkWT4yvsHCpWqqWqAxb0zCA=="],

    "oxfmt": ["oxfmt@0.60.0", "", { "dependencies": { "tinypool": "2.1.0" }, "optionalDependencies": { "@oxfmt/binding-android-arm-eabi": "0.60.0", "@oxfmt/binding-android-arm64": "0.60.0", "@oxfmt/binding-darwin-arm64": "0.60.0", "@oxfmt/binding-darwin-x64": "0.60.0", "@oxfmt/binding-freebsd-x64": "0.60.0", "@oxfmt/binding-linux-arm-gnueabihf": "0.60.0", "@oxfmt/binding-linux-arm-musleabihf": "0.60.0", "@oxfmt/binding-linux-arm64-gnu": "0.60.0", "@oxfmt/binding-linux-arm64-musl": "0.60.0", "@oxfmt/binding-linux-ppc64-gnu": "0.60.0", "@oxfmt/binding-linux-riscv64-gnu": "0.60.0", "@oxfmt/binding-linux-riscv64-musl": "0.60.0", "@oxfmt/binding-linux-s390x-gnu": "0.60.0", "@oxfmt/binding-linux-x64-gnu": "0.60.0", "@oxfmt/binding-linux-x64-musl": "0.60.0", "@oxfmt/binding-openharmony-arm64": "0.60.0", "@oxfmt/binding-win32-arm64-msvc": "0.60.0", "@oxfmt/binding-win32-ia32-msvc": "0.60.0", "@oxfmt/binding-win32-x64-msvc": "0.60.0" }, "peerDependencies": { "svelte": "^5.0.0", "vite-plus": "*" }, "optionalPeers": ["svelte", "vite-plus"], "bin": { "oxfmt": "bin/oxfmt" } }, "sha512-fViX6i+gJuZWY+jI/fnR6WRbRj70GZ9RlCd30MygJrHTUNc4DxvKHWw8vBjMjffv3PgU5qWDR0AzmojQByqaZA=="],

    "oxlint": ["oxlint@1.75.0", "", { "optionalDependencies": { "@oxlint/binding-android-arm-eabi": "1.75.0", "@oxlint/binding-android-arm64": "1.75.0", "@oxlint/binding-darwin-arm64": "1.75.0", "@oxlint/binding-darwin-x64": "1.75.0", "@oxlint/binding-freebsd-x64": "1.75.0", "@oxlint/binding-linux-arm-gnueabihf": "1.75.0", "@oxlint/binding-linux-arm-musleabihf": "1.75.0", "@oxlint/binding-linux-arm64-gnu": "1.75.0", "@oxlint/binding-linux-arm64-musl": "1.75.0", "@oxlint/binding-linux-ppc64-gnu": "1.75.0", "@oxlint/binding-linux-riscv64-gnu": "1.75.0", "@oxlint/binding-linux-riscv64-musl": "1.75.0", "@oxlint/binding-linux-s390x-gnu": "1.75.0", "@oxlint/binding-linux-x64-gnu": "1.75.0", "@oxlint/binding-linux-x64-musl": "1.75.0", "@oxlint/binding-openharmony-arm64": "1.75.0", "@oxlint/binding-win32-arm64-msvc": "1.75.0", "@oxlint/binding-win32-ia32-msvc": "1.75.0", "@oxlint/binding-win32-x64-msvc": "1.75.0" }, "peerDependencies": { "oxlint-tsgolint": ">=7.0.2001", "vite-plus": "*" }, "optionalPeers": ["oxlint-tsgolint", "vite-plus"], "bin": { "oxlint": "bin/oxlint" } }, "sha512-m9WzjRcRYA/uqIZDa9tclrieoPJ/ln1QYTKdFx6NUOs8uY5DiHlIwRQoCrHT6OM6O3ww3l2skY5gO7G7ZphE7g=="],

    "p-limit": ["p-limit@4.0.0", "", { "dependencies": { "yocto-queue": "^1.0.0" } }, "sha512-5b0R4txpzjPWVw/cXXUResoD4hb6U/x9BH08L7nw+GN1sezDzPdxeRvpc9c433fZhBan/wusjbCsqwqm4EIBIQ=="],

    "p-locate": ["p-locate@6.0.0", "", { "dependencies": { "p-limit": "^4.0.0" } }, "sha512-wPrq66Llhl7/4AGC6I+cqxT07LhXvWL08LNXz1fENOw0Ap4sRZZ/gZpTTJ5jpurzzzfS2W/Ge9BY3LgLjCShcw=="],

    "parent-module": ["parent-module@1.0.1", "", { "dependencies": { "callsites": "^3.0.0" } }, "sha512-GQ2EWRpQV8/o+Aw8YqtfZZPfNRWZYkbidE9k5rpl/hC3vtHHBfGm2Ifi6qWV+coDGkrUKZAxE3Lot5kcsRlh+g=="],

    "parse-json": ["parse-json@5.2.0", "", { "dependencies": { "@babel/code-frame": "^7.0.0", "error-ex": "^1.3.1", "json-parse-even-better-errors": "^2.3.0", "lines-and-columns": "^1.1.6" } }, "sha512-ayCKvm/phCGxOkYRSCM82iDwct8/EonSEgCSxWxD7ve6jHggsFl4fZVQBPRNgQoKiuV/odhFrGzQXZwbifC8Rg=="],

    "path-exists": ["path-exists@5.0.0", "", {}, "sha512-RjhtfwJOxzcFmNOi6ltcbcu4Iu+FL3zEj83dk4kAS+fVpTxXLO1b38RvJgT/0QwvV/L3aY9TAnyv0EOqW4GoMQ=="],

    "picocolors": ["picocolors@1.1.1", "", {}, "sha512-xceH2snhtb5M9liqDsmEw56le376mTZkEX/jEb/RxNFyegNul7eNslCXP9FDj/Lcu0X8KEyMceP2ntpaHrDEVA=="],

    "posthog-js": ["posthog-js@1.72.1", "", { "dependencies": { "fflate": "^0.4.1" } }, "sha512-GIQ+TGqOily+KS17eaIRa0uIcXP3N1BN67MZKx1TIQjNEJI2ounoGyrj9dDz/LVknh5oBCoAPoTzI1diCXuGDQ=="],

    "require-directory": ["require-directory@2.1.1", "", {}, "sha512-fGxEI7+wsG9xrvdjsrlmL22OMTTiHRwAMroiEeMgq8gzoLC/PQr7RsRDSTLUg/bZAZtF+TVIkHc6/4RIKrui+Q=="],

    "require-from-string": ["require-from-string@2.0.2", "", {}, "sha512-Xf0nWe6RseziFMu+Ap9biiUbmplq6S9/p+7w7YXP/JBHhrUDDUhwa+vANyubuqfZWTveU//DYVGsDG7RKL/vEw=="],

    "resolve-from": ["resolve-from@5.0.0", "", {}, "sha512-qYg9KP24dD5qka9J47d0aVky0N+b4fTU89LN9iDnjB5waksiC49rvMB0PrUJQGoTmH50XPiqOvAjDfaijGxYZw=="],

    "semver": ["semver@7.7.4", "", { "bin": { "semver": "bin/semver.js" } }, "sha512-vFKC2IEtQnVhpT78h1Yp8wzwrf8CM+MzKMHGJZfBtzhZNycRFnXsHk6E5TxIkkMsgNS7mdX3AGB7x2QM2di4lA=="],

    "split2": ["split2@4.2.0", "", {}, "sha512-UcjcJOWknrNkF6PLX83qcHM6KHgVKNkV62Y8a5uYDVv9ydGQVwAHMKqHdJje1VTWpljG0WYpCDhrCdAOYH4TWg=="],

    "string-width": ["string-width@4.2.3", "", { "dependencies": { "emoji-regex": "^8.0.0", "is-fullwidth-code-point": "^3.0.0", "strip-ansi": "^6.0.1" } }, "sha512-wKyQRQpjJ0sIp62ErSZdGsjMJWsap5oRNihHhu6G7JVO/9jIB6UyevL+tXuOqrng8j/cxKTWyWUwvSTriiZz/g=="],

    "strip-ansi": ["strip-ansi@6.0.1", "", { "dependencies": { "ansi-regex": "^5.0.1" } }, "sha512-Y38VPSHcqkFrCpFnQ9vuSXmquuv5oXOKpGeT6aGrr3o3Gc9AlVa6JBfUSOCnbxGGZF+/0ooI7KrPuUSztUdU5A=="],

    "text-extensions": ["text-extensions@2.4.0", "", {}, "sha512-te/NtwBwfiNRLf9Ijqx3T0nlqZiQ2XrrtBvu+cLL8ZRrGkO0NHTug8MYFKyoSrv/sHTaSKfilUkizV6XhxMJ3g=="],

    "through": ["through@2.3.8", "", {}, "sha512-w89qg7PI8wAdvX60bMDP+bFoD5Dvhm9oLheFp5O4a2QF0cSBGsBX4qZmadPMvVqlLJBBci+WqGGOAPvcDeNSVg=="],

    "tinyexec": ["tinyexec@0.3.2", "", {}, "sha512-KQQR9yN7R5+OSwaK0XQoj22pwHoTlgYqmUscPYoknOoWCWfj/5/ABTMRi69FrKU5ffPVh5QcFikpWJI/P1ocHA=="],

    "tinypool": ["tinypool@2.1.0", "", {}, "sha512-Pugqs6M0m7Lv1I7FtxN4aoyToKg1C4tu+/381vH35y8oENM/Ai7f7C4StcoK4/+BSw9ebcS8jRiVrORFKCALLw=="],

    "typescript": ["typescript@7.0.2", "", { "optionalDependencies": { "@typescript/typescript-aix-ppc64": "7.0.2", "@typescript/typescript-darwin-arm64": "7.0.2", "@typescript/typescript-darwin-x64": "7.0.2", "@typescript/typescript-freebsd-arm64": "7.0.2", "@typescript/typescript-freebsd-x64": "7.0.2", "@typescript/typescript-linux-arm": "7.0.2", "@typescript/typescript-linux-arm64": "7.0.2", "@typescript/typescript-linux-loong64": "7.0.2", "@typescript/typescript-linux-mips64el": "7.0.2", "@typescript/typescript-linux-ppc64": "7.0.2", "@typescript/typescript-linux-riscv64": "7.0.2", "@typescript/typescript-linux-s390x": "7.0.2", "@typescript/typescript-linux-x64": "7.0.2", "@typescript/typescript-netbsd-arm64": "7.0.2", "@typescript/typescript-netbsd-x64": "7.0.2", "@typescript/typescript-openbsd-arm64": "7.0.2", "@typescript/typescript-openbsd-x64": "7.0.2", "@typescript/typescript-sunos-x64": "7.0.2", "@typescript/typescript-win32-arm64": "7.0.2", "@typescript/typescript-win32-x64": "7.0.2" }, "bin": { "tsc": "bin/tsc" } }, "sha512-8FYau96o3NKOhbjKi/qNvG/W5jhzxkbdm5sj9AbZ/5T5sWqn3hJgLfGx27sRKZWTvyzCP8dLRBTf5tBTSRVUNA=="],

    "undici-types": ["undici-types@7.24.6", "", {}, "sha512-WRNW+sJgj5OBN4/0JpHFqtqzhpbnV0GuB+OozA9gCL7a993SmU+1JBZCzLNxYsbMfIeDL+lTsphD5jN5N+n0zg=="],

    "unicorn-magic": ["unicorn-magic@0.1.0", "", {}, "sha512-lRfVq8fE8gz6QMBuDM6a+LO3IAzTi05H6gCVaUpir2E1Rwpo4ZUog45KpNXKC/Mn3Yb9UDuHumeFTo9iV/D9FQ=="],

    "wrap-ansi": ["wrap-ansi@7.0.0", "", { "dependencies": { "ansi-styles": "^4.0.0", "string-width": "^4.1.0", "strip-ansi": "^6.0.0" } }, "sha512-YVGIj2kamLSTxw6NsZjoBxfSwsn0ycdesmc4p+Q21c5zPuZ1pl+NfxVdxPtdHvmNVOQ6XSYG4AUtyt/Fi7D16Q=="],

    "y18n": ["y18n@5.0.8", "", {}, "sha512-0pfFzegeDWJHJIAmTLRP2DwHjdF5s7jo9tuztdQxAhINCdvS+3nGINqPd00AphqJR/0LhANUS6/+7SCb98YOfA=="],

    "yargs": ["yargs@17.7.2", "", { "dependencies": { "cliui": "^8.0.1", "escalade": "^3.1.1", "get-caller-file": "^2.0.5", "require-directory": "^2.1.1", "string-width": "^4.2.3", "y18n": "^5.0.5", "yargs-parser": "^21.1.1" } }, "sha512-7dSzzRQ++CKnNI/krKnYRV7JKKPUXMEh61soaHKg9mrWEhzFWhFnxPxGl+69cD1Ou63C13NUPCnmIcrvqCuM6w=="],

    "yargs-parser": ["yargs-parser@21.1.1", "", {}, "sha512-tVpsJW7DdjecAiFpbIB1e3qxIQsE6NoPc5/eTdrbbIC4h0LVsWhnoa3g+m2HclBIujHzsxZ4VJVA+GUuc2/LBw=="],

    "yocto-queue": ["yocto-queue@1.2.2", "", {}, "sha512-4LCcse/U2MHZ63HAJVE+v71o7yOdIe4cZ70Wpf8D/IyjDKYQLV5GD46B+hSTjJsvV5PztjvHoU580EftxjDZFQ=="],

    "@commitlint/read/tinyexec": ["tinyexec@1.1.2", "", {}, "sha512-dAqSqE/RabpBKI8+h26GfLq6Vb3JVXs30XYQjdMjaj/c2tS8IYYMbIzP599KtRj7c57/wYApb3QjgRgXmrCukA=="],

    "import-fresh/resolve-from": ["resolve-from@4.0.0", "", {}, "sha512-pb/MYmXstAkysRFx8piNI1tGFNQIFA3vkE3Gq4EuA1dF6gHp/+vgZqsCGJapvy8N3Q+4o7FwvquPJcnZ7RYy4g=="],
  }
}
